
Microsoft Visual Studio Solution File, Format Version 12.00
# Visual Studio Version 17
VisualStudioVersion = 17.8.34316.72
MinimumVisualStudioVersion = 10.0.40219.1
Project("{FAE04EC0-301F-11D3-BF4B-00C04F79EFBC}") = "GeolocationAPI", "GeolocationAPI.csproj", "{82F2E96F-54F6-487B-9389-B37866187792}"
EndProject
Global
	GlobalSection(SolutionConfigurationPlatforms) = preSolution
		Debug|Any CPU = Debug|Any CPU
		Release|Any CPU = Release|Any CPU
	EndGlobalSection
	GlobalSection(ProjectConfigurationPlatforms) = postSolution
		{82F2E96F-54F6-487B-9389-B37866187792}.Debug|Any CPU.ActiveCfg = Debug|Any CPU
		{82F2E96F-54F6-487B-9389-B37866187792}.Debug|Any CPU.Build.0 = Debug|Any CPU
		{82F2E96F-54F6-487B-9389-B37866187792}.Release|Any CPU.ActiveCfg = Release|Any CPU
		{82F2E96F-54F6-487B-9389-B37866187792}.Release|Any CPU.Build.0 = Release|Any CPU
	EndGlobalSection
	GlobalSection(SolutionProperties) = preSolution
		HideSolutionNode = FALSE
	EndGlobalSection
	GlobalSection(ExtensibilityGlobals) = postSolution
		SolutionGuid = {724FF902-BB72-4CE2-BE1B-EF5E7302CAAA}
	EndGlobalSection
EndGlobal
